<?xml version="1.0" encoding="utf-8"?>
<Project ToolsVersion="4.0" xmlns="http://schemas.microsoft.com/developer/msbuild/2003">
  <ItemGroup>
    <Filter Include="win32">
      <UniqueIdentifier>{84a8ebd7-7cf0-47f6-b75e-d441df67da40}</UniqueIdentifier>
    </Filter>
    <Filter Include="resource">
      <UniqueIdentifier>{715254bc-d70b-4ec5-bf29-467dd3ace079}</UniqueIdentifier>
    </Filter>
    <Filter Include="src">
      <UniqueIdentifier>{bb6c862e-70e9-49d9-81b7-3829a6f50471}</UniqueIdentifier>
    </Filter>
    <Filter Include="src\common">
      <UniqueIdentifier>{8b165b26-0969-4d0a-b50a-4b4f649f58fc}</UniqueIdentifier>
    </Filter>
    <Filter Include="src\patterns">
      <UniqueIdentifier>{1725c83e-fe03-45f9-acf7-a40ee7575206}</UniqueIdentifier>
    </Filter>
  </ItemGroup>
  <ItemGroup>
    <ClCompile Include="main.cpp">
      <Filter>win32</Filter>
    </ClCompile>
    <ClCompile Include="..\Classes\AppDelegate.cpp">
      <Filter>src</Filter>
    </ClCompile>
    <ClCompile Include="..\Classes\patterns\gamescene.cpp">
      <Filter>src\patterns</Filter>
    </ClCompile>
    <ClCompile Include="..\Classes\common\C3SButton.cpp">
      <Filter>src\common</Filter>
    </ClCompile>
    <ClCompile Include="..\Classes\common\CAudio.cpp">
      <Filter>src\common</Filter>
    </ClCompile>
    <ClCompile Include="..\Classes\common\CCanvas.cpp">
      <Filter>src\common</Filter>
    </ClCompile>
    <ClCompile Include="..\Classes\common\CEnemy.cpp">
      <Filter>src\common</Filter>
    </ClCompile>
    <ClCompile Include="..\Classes\common\CGameObject.cpp">
      <Filter>src\common</Filter>
    </ClCompile>
    <ClCompile Include="..\Classes\common\CMiddleObject.cpp">
      <Filter>src\common</Filter>
    </ClCompile>
    <ClCompile Include="..\Classes\common\CScoring.cpp">
      <Filter>src\common</Filter>
    </ClCompile>
    <ClCompile Include="..\Classes\patterns\CButton.cpp">
      <Filter>src\patterns</Filter>
    </ClCompile>
    <ClCompile Include="..\Classes\patterns\CEnemyObj.cpp">
      <Filter>src\patterns</Filter>
    </ClCompile>
    <ClCompile Include="..\Classes\patterns\CRoad.cpp">
      <Filter>src\patterns</Filter>
    </ClCompile>
    <ClCompile Include="..\Classes\patterns\CRunner.cpp">
      <Filter>src\patterns</Filter>
    </ClCompile>
  </ItemGroup>
  <ItemGroup>
    <ClInclude Include="main.h">
      <Filter>win32</Filter>
    </ClInclude>
    <ClInclude Include="..\Classes\AppDelegate.h">
      <Filter>src</Filter>
    </ClInclude>
    <ClInclude Include="..\Classes\patterns\gamescene.h">
      <Filter>src\patterns</Filter>
    </ClInclude>
    <ClInclude Include="..\Classes\common\C3SButton.h">
      <Filter>src\common</Filter>
    </ClInclude>
    <ClInclude Include="..\Classes\common\CAudio.h">
      <Filter>src\common</Filter>
    </ClInclude>
    <ClInclude Include="..\Classes\common\CCanvas.h">
      <Filter>src\common</Filter>
    </ClInclude>
    <ClInclude Include="..\Classes\common\CEnemy.h">
      <Filter>src\common</Filter>
    </ClInclude>
    <ClInclude Include="..\Classes\common\CGameObject.h">
      <Filter>src\common</Filter>
    </ClInclude>
    <ClInclude Include="..\Classes\common\CMiddleObject.h">
      <Filter>src\common</Filter>
    </ClInclude>
    <ClInclude Include="..\Classes\common\CScoring.h">
      <Filter>src\common</Filter>
    </ClInclude>
    <ClInclude Include="..\Classes\patterns\CButton.h">
      <Filter>src\patterns</Filter>
    </ClInclude>
    <ClInclude Include="..\Classes\patterns\CEnemyObj.h">
      <Filter>src\patterns</Filter>
    </ClInclude>
    <ClInclude Include="..\Classes\patterns\CRoad.h">
      <Filter>src\patterns</Filter>
    </ClInclude>
    <ClInclude Include="..\Classes\patterns\CRunner.h">
      <Filter>src\patterns</Filter>
    </ClInclude>
  </ItemGroup>
  <ItemGroup>
    <ResourceCompile Include="game.rc">
      <Filter>resource</Filter>
    </ResourceCompile>
  </ItemGroup>
</Project>